
Microsoft Visual Studio Solution File, Format Version 12.00
# Visual Studio Version 17
VisualStudioVersion = 17.2.32526.322
MinimumVisualStudioVersion = 10.0.40219.1
Project("{FAE04EC0-301F-11D3-BF4B-00C04F79EFBC}") = "BigSchool_NguyenCaoNguyen", "BigSchool_NguyenCaoNguyen\BigSchool_NguyenCaoNguyen.csproj", "{1F3C1048-FD47-499E-826D-75FE6B321B1C}"
EndProject
Global
	GlobalSection(SolutionConfigurationPlatforms) = preSolution
		Debug|Any CPU = Debug|Any CPU
		Release|Any CPU = Release|Any CPU
	EndGlobalSection
	GlobalSection(ProjectConfigurationPlatforms) = postSolution
		{1F3C1048-FD47-499E-826D-75FE6B321B1C}.Debug|Any CPU.ActiveCfg = Debug|Any CPU
		{1F3C1048-FD47-499E-826D-75FE6B321B1C}.Debug|Any CPU.Build.0 = Debug|Any CPU
		{1F3C1048-FD47-499E-826D-75FE6B321B1C}.Release|Any CPU.ActiveCfg = Release|Any CPU
		{1F3C1048-FD47-499E-826D-75FE6B321B1C}.Release|Any CPU.Build.0 = Release|Any CPU
	EndGlobalSection
	GlobalSection(SolutionProperties) = preSolution
		HideSolutionNode = FALSE
	EndGlobalSection
	GlobalSection(ExtensibilityGlobals) = postSolution
		SolutionGuid = {D800762F-C745-4BF0-8BAF-E9EEA8BF7161}
	EndGlobalSection
EndGlobal
